
Microsoft Visual Studio Solution File, Format Version 12.00
# Visual Studio 15
VisualStudioVersion = 15.0.27703.2035
MinimumVisualStudioVersion = 10.0.40219.1
Project("{9A19103F-16F7-4668-BE54-9A1E7A4F7556}") = "AndroidManager.Web", "AndroidManager.Web\AndroidManager.Web.csproj", "{E0A3B637-B37D-4908-BF60-96CE0E3476C2}"
EndProject
Project("{FAE04EC0-301F-11D3-BF4B-00C04F79EFBC}") = "AndroidManager.Models", "AndroidManager.Models\AndroidManager.Models.csproj", "{77B58D39-3138-4145-BAD2-8FD2FD758FDB}"
EndProject
Project("{FAE04EC0-301F-11D3-BF4B-00C04F79EFBC}") = "AndroidManagerServices", "AndroidManagerServices\AndroidManagerServices.csproj", "{7FE568CB-0052-40A9-95B6-302865CCC192}"
EndProject
Global
	GlobalSection(SolutionConfigurationPlatforms) = preSolution
		Debug|Any CPU = Debug|Any CPU
		Release|Any CPU = Release|Any CPU
	EndGlobalSection
	GlobalSection(ProjectConfigurationPlatforms) = postSolution
		{E0A3B637-B37D-4908-BF60-96CE0E3476C2}.Debug|Any CPU.ActiveCfg = Debug|Any CPU
		{E0A3B637-B37D-4908-BF60-96CE0E3476C2}.Debug|Any CPU.Build.0 = Debug|Any CPU
		{E0A3B637-B37D-4908-BF60-96CE0E3476C2}.Release|Any CPU.ActiveCfg = Release|Any CPU
		{E0A3B637-B37D-4908-BF60-96CE0E3476C2}.Release|Any CPU.Build.0 = Release|Any CPU
		{77B58D39-3138-4145-BAD2-8FD2FD758FDB}.Debug|Any CPU.ActiveCfg = Debug|Any CPU
		{77B58D39-3138-4145-BAD2-8FD2FD758FDB}.Debug|Any CPU.Build.0 = Debug|Any CPU
		{77B58D39-3138-4145-BAD2-8FD2FD758FDB}.Release|Any CPU.ActiveCfg = Release|Any CPU
		{77B58D39-3138-4145-BAD2-8FD2FD758FDB}.Release|Any CPU.Build.0 = Release|Any CPU
		{7FE568CB-0052-40A9-95B6-302865CCC192}.Debug|Any CPU.ActiveCfg = Debug|Any CPU
		{7FE568CB-0052-40A9-95B6-302865CCC192}.Debug|Any CPU.Build.0 = Debug|Any CPU
		{7FE568CB-0052-40A9-95B6-302865CCC192}.Release|Any CPU.ActiveCfg = Release|Any CPU
		{7FE568CB-0052-40A9-95B6-302865CCC192}.Release|Any CPU.Build.0 = Release|Any CPU
	EndGlobalSection
	GlobalSection(SolutionProperties) = preSolution
		HideSolutionNode = FALSE
	EndGlobalSection
	GlobalSection(ExtensibilityGlobals) = postSolution
		SolutionGuid = {7327CB5E-A31A-41BE-A0DA-9DBE85133AE2}
	EndGlobalSection
EndGlobal
